
Microsoft Visual Studio Solution File, Format Version 12.00
# Visual Studio Version 17
VisualStudioVersion = 17.11.35208.52
MinimumVisualStudioVersion = 10.0.40219.1
Project("{FAE04EC0-301F-11D3-BF4B-00C04F79EFBC}") = "Form1", "Form1\Form1.csproj", "{B379420B-9CE0-4225-8F76-E85B3418BB5A}"
EndProject
Global
	GlobalSection(SolutionConfigurationPlatforms) = preSolution
		Debug|Any CPU = Debug|Any CPU
		Release|Any CPU = Release|Any CPU
	EndGlobalSection
	GlobalSection(ProjectConfigurationPlatforms) = postSolution
		{B379420B-9CE0-4225-8F76-E85B3418BB5A}.Debug|Any CPU.ActiveCfg = Debug|Any CPU
		{B379420B-9CE0-4225-8F76-E85B3418BB5A}.Debug|Any CPU.Build.0 = Debug|Any CPU
		{B379420B-9CE0-4225-8F76-E85B3418BB5A}.Release|Any CPU.ActiveCfg = Release|Any CPU
		{B379420B-9CE0-4225-8F76-E85B3418BB5A}.Release|Any CPU.Build.0 = Release|Any CPU
	EndGlobalSection
	GlobalSection(SolutionProperties) = preSolution
		HideSolutionNode = FALSE
	EndGlobalSection
	GlobalSection(ExtensibilityGlobals) = postSolution
		SolutionGuid = {1BA982EC-8583-47A9-8673-D9C755F8B2F4}
	EndGlobalSection
EndGlobal
